
Microsoft Visual Studio Solution File, Format Version 12.00
# Visual Studio Version 17
VisualStudioVersion = 17.5.33516.290
MinimumVisualStudioVersion = 10.0.40219.1
Project("{8BC9CEB8-8B4A-11D0-8D11-00A0C91BC942}") = "20230407_02_Tetris", "20230407_02_Tetris\20230407_02_Tetris.vcxproj", "{39FBDE8C-CFE5-4297-AEE5-9F8B54B0EB68}"
EndProject
Global
	GlobalSection(SolutionConfigurationPlatforms) = preSolution
		Debug|x64 = Debug|x64
		Debug|x86 = Debug|x86
		Release|x64 = Release|x64
		Release|x86 = Release|x86
	EndGlobalSection
	GlobalSection(ProjectConfigurationPlatforms) = postSolution
		{39FBDE8C-CFE5-4297-AEE5-9F8B54B0EB68}.Debug|x64.ActiveCfg = Debug|x64
		{39FBDE8C-CFE5-4297-AEE5-9F8B54B0EB68}.Debug|x64.Build.0 = Debug|x64
		{39FBDE8C-CFE5-4297-AEE5-9F8B54B0EB68}.Debug|x86.ActiveCfg = Debug|Win32
		{39FBDE8C-CFE5-4297-AEE5-9F8B54B0EB68}.Debug|x86.Build.0 = Debug|Win32
		{39FBDE8C-CFE5-4297-AEE5-9F8B54B0EB68}.Release|x64.ActiveCfg = Release|x64
		{39FBDE8C-CFE5-4297-AEE5-9F8B54B0EB68}.Release|x64.Build.0 = Release|x64
		{39FBDE8C-CFE5-4297-AEE5-9F8B54B0EB68}.Release|x86.ActiveCfg = Release|Win32
		{39FBDE8C-CFE5-4297-AEE5-9F8B54B0EB68}.Release|x86.Build.0 = Release|Win32
	EndGlobalSection
	GlobalSection(SolutionProperties) = preSolution
		HideSolutionNode = FALSE
	EndGlobalSection
	GlobalSection(ExtensibilityGlobals) = postSolution
		SolutionGuid = {684A3AE3-0624-40E8-B5EB-C09D3D46A526}
	EndGlobalSection
EndGlobal
